
Microsoft Visual Studio Solution File, Format Version 12.00
# Visual Studio Version 17
VisualStudioVersion = 17.0.31903.59
MinimumVisualStudioVersion = 10.0.40219.1
Project("{FAE04EC0-301F-11D3-BF4B-00C04F79EFBC}") = "TestWebDriver", "TestWebDriver\TestWebDriver.csproj", "{DCAD57E2-8E87-4C0F-83B8-9A412E2338EA}"
EndProject
Global
	GlobalSection(SolutionConfigurationPlatforms) = preSolution
		Debug|Any CPU = Debug|Any CPU
		Release|Any CPU = Release|Any CPU
	EndGlobalSection
	GlobalSection(ProjectConfigurationPlatforms) = postSolution
		{DCAD57E2-8E87-4C0F-83B8-9A412E2338EA}.Debug|Any CPU.ActiveCfg = Debug|Any CPU
		{DCAD57E2-8E87-4C0F-83B8-9A412E2338EA}.Debug|Any CPU.Build.0 = Debug|Any CPU
		{DCAD57E2-8E87-4C0F-83B8-9A412E2338EA}.Release|Any CPU.ActiveCfg = Release|Any CPU
		{DCAD57E2-8E87-4C0F-83B8-9A412E2338EA}.Release|Any CPU.Build.0 = Release|Any CPU
	EndGlobalSection
	GlobalSection(SolutionProperties) = preSolution
		HideSolutionNode = FALSE
	EndGlobalSection
	GlobalSection(ExtensibilityGlobals) = postSolution
		SolutionGuid = {E75CCA66-2424-46CE-B5F8-7BEFC2A35E1C}
	EndGlobalSection
EndGlobal
